
Microsoft Visual Studio Solution File, Format Version 12.00
# Visual Studio Version 17
VisualStudioVersion = 17.5.33530.505
MinimumVisualStudioVersion = 10.0.40219.1
Project("{9A19103F-16F7-4668-BE54-9A1E7A4F7556}") = "HotDeskBooking", "HotDeskBooking\HotDeskBooking.csproj", "{318F7EF1-E53F-45D1-ADC0-056077CA3907}"
EndProject
Project("{FAE04EC0-301F-11D3-BF4B-00C04F79EFBC}") = "HotDeskBookingUnitTests", "HotDeskBookingUnitTests\HotDeskBookingUnitTests.csproj", "{7AA82016-8ADB-4EF1-8EF2-20BE497A6F8D}"
EndProject
Global
	GlobalSection(SolutionConfigurationPlatforms) = preSolution
		Debug|Any CPU = Debug|Any CPU
		Release|Any CPU = Release|Any CPU
	EndGlobalSection
	GlobalSection(ProjectConfigurationPlatforms) = postSolution
		{318F7EF1-E53F-45D1-ADC0-056077CA3907}.Debug|Any CPU.ActiveCfg = Debug|Any CPU
		{318F7EF1-E53F-45D1-ADC0-056077CA3907}.Debug|Any CPU.Build.0 = Debug|Any CPU
		{318F7EF1-E53F-45D1-ADC0-056077CA3907}.Release|Any CPU.ActiveCfg = Release|Any CPU
		{318F7EF1-E53F-45D1-ADC0-056077CA3907}.Release|Any CPU.Build.0 = Release|Any CPU
		{7AA82016-8ADB-4EF1-8EF2-20BE497A6F8D}.Debug|Any CPU.ActiveCfg = Debug|Any CPU
		{7AA82016-8ADB-4EF1-8EF2-20BE497A6F8D}.Debug|Any CPU.Build.0 = Debug|Any CPU
		{7AA82016-8ADB-4EF1-8EF2-20BE497A6F8D}.Release|Any CPU.ActiveCfg = Release|Any CPU
		{7AA82016-8ADB-4EF1-8EF2-20BE497A6F8D}.Release|Any CPU.Build.0 = Release|Any CPU
	EndGlobalSection
	GlobalSection(SolutionProperties) = preSolution
		HideSolutionNode = FALSE
	EndGlobalSection
	GlobalSection(ExtensibilityGlobals) = postSolution
		SolutionGuid = {FC39DF98-B78C-4C16-880D-D7CB69E93F54}
	EndGlobalSection
EndGlobal
